// !$*UTF8*$!
{
	archiveVersion = 1;
	classes = {
	};
	objectVersion = 46;
	objects = {

/* Begin PBXBuildFile section */
		F7E5D6C31A8105C800763A0C /* main.m in Sources */ = {isa = PBXBuildFile; fileRef = F7E5D6C21A8105C800763A0C /* main.m */; };
		F7E5D6C61A8105C800763A0C /* AppDelegate.m in Sources */ = {isa = PBXBuildFile; fileRef = F7E5D6C51A8105C800763A0C /* AppDelegate.m */; };
		F7E5D6C91A8105C800763A0C /* GameScene.m in Sources */ = {isa = PBXBuildFile; fileRef = F7E5D6C81A8105C800763A0C /* GameScene.m */; };
		F7E5D6CB1A8105C800763A0C /* GameScene.sks in Resources */ = {isa = PBXBuildFile; fileRef = F7E5D6CA1A8105C800763A0C /* GameScene.sks */; };
		F7E5D6CE1A8105C800763A0C /* GameViewController.m in Sources */ = {isa = PBXBuildFile; fileRef = F7E5D6CD1A8105C800763A0C /* GameViewController.m */; };
		F7E5D6D11A8105C800763A0C /* Main.storyboard in Resources */ = {isa = PBXBuildFile; fileRef = F7E5D6CF1A8105C800763A0C /* Main.storyboard */; };
		F7E5D6D31A8105C800763A0C /* Images.xcassets in Resources */ = {isa = PBXBuildFile; fileRef = F7E5D6D21A8105C800763A0C /* Images.xcassets */; };
		F7E5D6D61A8105C800763A0C /* LaunchScreen.xib in Resources */ = {isa = PBXBuildFile; fileRef = F7E5D6D41A8105C800763A0C /* LaunchScreen.xib */; };
		F7E5D6E21A8105C800763A0C /* _0150203Tests.m in Sources */ = {isa = PBXBuildFile; fileRef = F7E5D6E11A8105C800763A0C /* _0150203Tests.m */; };
/* End PBXBuildFile section */

/* Begin PBXContainerItemProxy section */
		F7E5D6DC1A8105C800763A0C /* PBXContainerItemProxy */ = {
			isa = PBXContainerItemProxy;
			containerPortal = F7E5D6B51A8105C800763A0C /* Project object */;
			proxyType = 1;
			remoteGlobalIDString = F7E5D6BC1A8105C800763A0C;
			remoteInfo = 20150203;
		};
/* End PBXContainerItemProxy section */

/* Begin PBXFileReference section */
		F7E5D6BD1A8105C800763A0C /* 20150203.app */ = {isa = PBXFileReference; explicitFileType = wrapper.application; includeInIndex = 0; path = 20150203.app; sourceTree = BUILT_PRODUCTS_DIR; };
		F7E5D6C11A8105C800763A0C /* Info.plist */ = {isa = PBXFileReference; lastKnownFileType = text.plist.xml; path = Info.plist; sourceTree = "<group>"; };
		F7E5D6C21A8105C800763A0C /* main.m */ = {isa = PBXFileReference; lastKnownFileType = sourcecode.c.objc; path = main.m; sourceTree = "<group>"; };
		F7E5D6C41A8105C800763A0C /* AppDelegate.h */ = {isa = PBXFileReference; lastKnownFileType = sourcecode.c.h; path = AppDelegate.h; sourceTree = "<group>"; };
		F7E5D6C51A8105C800763A0C /* AppDelegate.m */ = {isa = PBXFileReference; lastKnownFileType = sourcecode.c.objc; path = AppDelegate.m; sourceTree = "<group>"; };
		F7E5D6C71A8105C800763A0C /* GameScene.h */ = {isa = PBXFileReference; lastKnownFileType = sourcecode.c.h; path = GameScene.h; sourceTree = "<group>"; };
		F7E5D6C81A8105C800763A0C /* GameScene.m */ = {isa = PBXFileReference; lastKnownFileType = sourcecode.c.objc; path = GameScene.m; sourceTree = "<group>"; };
		F7E5D6CA1A8105C800763A0C /* GameScene.sks */ = {isa = PBXFileReference; lastKnownFileType = file.sks; path = GameScene.sks; sourceTree = "<group>"; };
		F7E5D6CC1A8105C800763A0C /* GameViewController.h */ = {isa = PBXFileReference; lastKnownFileType = sourcecode.c.h; path = GameViewController.h; sourceTree = "<group>"; };
		F7E5D6CD1A8105C800763A0C /* GameViewController.m */ = {isa = PBXFileReference; lastKnownFileType = sourcecode.c.objc; path = GameViewController.m; sourceTree = "<group>"; };
		F7E5D6D01A8105C800763A0C /* Base */ = {isa = PBXFileReference; lastKnownFileType = file.storyboard; name = Base; path = Base.lproj/Main.storyboard; sourceTree = "<group>"; };
		F7E5D6D21A8105C800763A0C /* Images.xcassets */ = {isa = PBXFileReference; lastKnownFileType = folder.assetcatalog; path = Images.xcassets; sourceTree = "<group>"; };
		F7E5D6D51A8105C800763A0C /* Base */ = {isa = PBXFileReference; lastKnownFileType = file.xib; name = Base; path = Base.lproj/LaunchScreen.xib; sourceTree = "<group>"; };
		F7E5D6DB1A8105C800763A0C /* 20150203Tests.xctest */ = {isa = PBXFileReference; explicitFileType = wrapper.cfbundle; includeInIndex = 0; path = 20150203Tests.xctest; sourceTree = BUILT_PRODUCTS_DIR; };
		F7E5D6E01A8105C800763A0C /* Info.plist */ = {isa = PBXFileReference; lastKnownFileType = text.plist.xml; path = Info.plist; sourceTree = "<group>"; };
		F7E5D6E11A8105C800763A0C /* _0150203Tests.m */ = {isa = PBXFileReference; lastKnownFileType = sourcecode.c.objc; path = _0150203Tests.m; sourceTree = "<group>"; };
/* End PBXFileReference section */

/* Begin PBXFrameworksBuildPhase section */
		F7E5D6BA1A8105C800763A0C /* Frameworks */ = {
			isa = PBXFrameworksBuildPhase;
			buildActionMask = 2147483647;
			files = (
			);
			runOnlyForDeploymentPostprocessing = 0;
		};
		F7E5D6D81A8105C800763A0C /* Frameworks */ = {
			isa = PBXFrameworksBuildPhase;
			buildActionMask = 2147483647;
			files = (
			);
			runOnlyForDeploymentPostprocessing = 0;
		};
/* End PBXFrameworksBuildPhase section */

/* Begin PBXGroup section */
		F7E5D6B41A8105C800763A0C = {
			isa = PBXGroup;
			children = (
				F7E5D6BF1A8105C800763A0C /* 20150203 */,
				F7E5D6DE1A8105C800763A0C /* 20150203Tests */,
				F7E5D6BE1A8105C800763A0C /* Products */,
			);
			sourceTree = "<group>";
		};
		F7E5D6BE1A8105C800763A0C /* Products */ = {
			isa = PBXGroup;
			children = (
				F7E5D6BD1A8105C800763A0C /* 20150203.app */,
				F7E5D6DB1A8105C800763A0C /* 20150203Tests.xctest */,
			);
			name = Products;
			sourceTree = "<group>";
		};
		F7E5D6BF1A8105C800763A0C /* 20150203 */ = {
			isa = PBXGroup;
			children = (
				F7E5D6C41A8105C800763A0C /* AppDelegate.h */,
				F7E5D6C51A8105C800763A0C /* AppDelegate.m */,
				F7E5D6C71A8105C800763A0C /* GameScene.h */,
				F7E5D6C81A8105C800763A0C /* GameScene.m */,
				F7E5D6CA1A8105C800763A0C /* GameScene.sks */,
				F7E5D6CC1A8105C800763A0C /* GameViewController.h */,
				F7E5D6CD1A8105C800763A0C /* GameViewController.m */,
				F7E5D6CF1A8105C800763A0C /* Main.storyboard */,
				F7E5D6D21A8105C800763A0C /* Images.xcassets */,
				F7E5D6D41A8105C800763A0C /* LaunchScreen.xib */,
				F7E5D6C01A8105C800763A0C /* Supporting Files */,
			);
			path = 20150203;
			sourceTree = "<group>";
		};
		F7E5D6C01A8105C800763A0C /* Supporting Files */ = {
			isa = PBXGroup;
			children = (
				F7E5D6C11A8105C800763A0C /* Info.plist */,
				F7E5D6C21A8105C800763A0C /* main.m */,
			);
			name = "Supporting Files";
			sourceTree = "<group>";
		};
		F7E5D6DE1A8105C800763A0C /* 20150203Tests */ = {
			isa = PBXGroup;
			children = (
				F7E5D6E11A8105C800763A0C /* _0150203Tests.m */,
				F7E5D6DF1A8105C800763A0C /* Supporting Files */,
			);
			path = 20150203Tests;
			sourceTree = "<group>";
		};
		F7E5D6DF1A8105C800763A0C /* Supporting Files */ = {
			isa = PBXGroup;
			children = (
				F7E5D6E01A8105C800763A0C /* Info.plist */,
			);
			name = "Supporting Files";
			sourceTree = "<group>";
		};
/* End PBXGroup section */

/* Begin PBXNativeTarget section */
		F7E5D6BC1A8105C800763A0C /* 20150203 */ = {
			isa = PBXNativeTarget;
			buildConfigurationList = F7E5D6E51A8105C800763A0C /* Build configuration list for PBXNativeTarget "20150203" */;
			buildPhases = (
				F7E5D6B91A8105C800763A0C /* Sources */,
				F7E5D6BA1A8105C800763A0C /* Frameworks */,
				F7E5D6BB1A8105C800763A0C /* Resources */,
			);
			buildRules = (
			);
			dependencies = (
			);
			name = 20150203;
			productName = 20150203;
			productReference = F7E5D6BD1A8105C800763A0C /* 20150203.app */;
			productType = "com.apple.product-type.application";
		};
		F7E5D6DA1A8105C800763A0C /* 20150203Tests */ = {
			isa = PBXNativeTarget;
			buildConfigurationList = F7E5D6E81A8105C800763A0C /* Build configuration list for PBXNativeTarget "20150203Tests" */;
			buildPhases = (
				F7E5D6D71A8105C800763A0C /* Sources */,
				F7E5D6D81A8105C800763A0C /* Frameworks */,
				F7E5D6D91A8105C800763A0C /* Resources */,
			);
			buildRules = (
			);
			dependencies = (
				F7E5D6DD1A8105C800763A0C /* PBXTargetDependency */,
			);
			name = 20150203Tests;
			productName = 20150203Tests;
			productReference = F7E5D6DB1A8105C800763A0C /* 20150203Tests.xctest */;
			productType = "com.apple.product-type.bundle.unit-test";
		};
/* End PBXNativeTarget section */

/* Begin PBXProject section */
		F7E5D6B51A8105C800763A0C /* Project object */ = {
			isa = PBXProject;
			attributes = {
				LastUpgradeCheck = 0610;
				ORGANIZATIONNAME = "Lart Ace Ignacio";
				TargetAttributes = {
					F7E5D6BC1A8105C800763A0C = {
						CreatedOnToolsVersion = 6.1.1;
					};
					F7E5D6DA1A8105C800763A0C = {
						CreatedOnToolsVersion = 6.1.1;
						TestTargetID = F7E5D6BC1A8105C800763A0C;
					};
				};
			};
			buildConfigurationList = F7E5D6B81A8105C800763A0C /* Build configuration list for PBXProject "20150203" */;
			compatibilityVersion = "Xcode 3.2";
			developmentRegion = English;
			hasScannedForEncodings = 0;
			knownRegions = (
				en,
				Base,
			);
			mainGroup = F7E5D6B41A8105C800763A0C;
			productRefGroup = F7E5D6BE1A8105C800763A0C /* Products */;
			projectDirPath = "";
			projectRoot = "";
			targets = (
				F7E5D6BC1A8105C800763A0C /* 20150203 */,
				F7E5D6DA1A8105C800763A0C /* 20150203Tests */,
			);
		};
/* End PBXProject section */

/* Begin PBXResourcesBuildPhase section */
		F7E5D6BB1A8105C800763A0C /* Resources */ = {
			isa = PBXResourcesBuildPhase;
			buildActionMask = 2147483647;
			files = (
				F7E5D6D61A8105C800763A0C /* LaunchScreen.xib in Resources */,
				F7E5D6D31A8105C800763A0C /* Images.xcassets in Resources */,
				F7E5D6CB1A8105C800763A0C /* GameScene.sks in Resources */,
				F7E5D6D11A8105C800763A0C /* Main.storyboard in Resources */,
			);
			runOnlyForDeploymentPostprocessing = 0;
		};
		F7E5D6D91A8105C800763A0C /* Resources */ = {
			isa = PBXResourcesBuildPhase;
			buildActionMask = 2147483647;
			files = (
			);
			runOnlyForDeploymentPostprocessing = 0;
		};
/* End PBXResourcesBuildPhase section */

/* Begin PBXSourcesBuildPhase section */
		F7E5D6B91A8105C800763A0C /* Sources */ = {
			isa = PBXSourcesBuildPhase;
			buildActionMask = 2147483647;
			files = (
				F7E5D6CE1A8105C800763A0C /* GameViewController.m in Sources */,
				F7E5D6C61A8105C800763A0C /* AppDelegate.m in Sources */,
				F7E5D6C91A8105C800763A0C /* GameScene.m in Sources */,
				F7E5D6C31A8105C800763A0C /* main.m in Sources */,
			);
			runOnlyForDeploymentPostprocessing = 0;
		};
		F7E5D6D71A8105C800763A0C /* Sources */ = {
			isa = PBXSourcesBuildPhase;
			buildActionMask = 2147483647;
			files = (
				F7E5D6E21A8105C800763A0C /* _0150203Tests.m in Sources */,
			);
			runOnlyForDeploymentPostprocessing = 0;
		};
/* End PBXSourcesBuildPhase section */

/* Begin PBXTargetDependency section */
		F7E5D6DD1A8105C800763A0C /* PBXTargetDependency */ = {
			isa = PBXTargetDependency;
			target = F7E5D6BC1A8105C800763A0C /* 20150203 */;
			targetProxy = F7E5D6DC1A8105C800763A0C /* PBXContainerItemProxy */;
		};
/* End PBXTargetDependency section */

/* Begin PBXVariantGroup section */
		F7E5D6CF1A8105C800763A0C /* Main.storyboard */ = {
			isa = PBXVariantGroup;
			children = (
				F7E5D6D01A8105C800763A0C /* Base */,
			);
			name = Main.storyboard;
			sourceTree = "<group>";
		};
		F7E5D6D41A8105C800763A0C /* LaunchScreen.xib */ = {
			isa = PBXVariantGroup;
			children = (
				F7E5D6D51A8105C800763A0C /* Base */,
			);
			name = LaunchScreen.xib;
			sourceTree = "<group>";
		};
/* End PBXVariantGroup section */

/* Begin XCBuildConfiguration section */
		F7E5D6E31A8105C800763A0C /* Debug */ = {
			isa = XCBuildConfiguration;
			buildSettings = {
				ALWAYS_SEARCH_USER_PATHS = NO;
				CLANG_CXX_LANGUAGE_STANDARD = "gnu++0x";
				CLANG_CXX_LIBRARY = "libc++";
				CLANG_ENABLE_MODULES = YES;
				CLANG_ENABLE_OBJC_ARC = YES;
				CLANG_WARN_BOOL_CONVERSION = YES;
				CLANG_WARN_CONSTANT_CONVERSION = YES;
				CLANG_WARN_DIRECT_OBJC_ISA_USAGE = YES_ERROR;
				CLANG_WARN_EMPTY_BODY = YES;
				CLANG_WARN_ENUM_CONVERSION = YES;
				CLANG_WARN_INT_CONVERSION = YES;
				CLANG_WARN_OBJC_ROOT_CLASS = YES_ERROR;
				CLANG_WARN_UNREACHABLE_CODE = YES;
				CLANG_WARN__DUPLICATE_METHOD_MATCH = YES;
				"CODE_SIGN_IDENTITY[sdk=iphoneos*]" = "iPhone Developer";
				COPY_PHASE_STRIP = NO;
				ENABLE_STRICT_OBJC_MSGSEND = YES;
				GCC_C_LANGUAGE_STANDARD = gnu99;
				GCC_DYNAMIC_NO_PIC = NO;
				GCC_OPTIMIZATION_LEVEL = 0;
				GCC_PREPROCESSOR_DEFINITIONS = (
					"DEBUG=1",
					"$(inherited)",
				);
				GCC_SYMBOLS_PRIVATE_EXTERN = NO;
				GCC_WARN_64_TO_32_BIT_CONVERSION = YES;
				GCC_WARN_ABOUT_RETURN_TYPE = YES_ERROR;
				GCC_WARN_UNDECLARED_SELECTOR = YES;
				GCC_WARN_UNINITIALIZED_AUTOS = YES_AGGRESSIVE;
				GCC_WARN_UNUSED_FUNCTION = YES;
				GCC_WARN_UNUSED_VARIABLE = YES;
				IPHONEOS_DEPLOYMENT_TARGET = 8.1;
				MTL_ENABLE_DEBUG_INFO = YES;
				ONLY_ACTIVE_ARCH = YES;
				SDKROOT = iphoneos;
			};
			name = Debug;
		};
		F7E5D6E41A8105C800763A0C /* Release */ = {
			isa = XCBuildConfiguration;
			buildSettings = {
				ALWAYS_SEARCH_USER_PATHS = NO;
				CLANG_CXX_LANGUAGE_STANDARD = "gnu++0x";
				CLANG_CXX_LIBRARY = "libc++";
				CLANG_ENABLE_MODULES = YES;
				CLANG_ENABLE_OBJC_ARC = YES;
				CLANG_WARN_BOOL_CONVERSION = YES;
				CLANG_WARN_CONSTANT_CONVERSION = YES;
				CLANG_WARN_DIRECT_OBJC_ISA_USAGE = YES_ERROR;
				CLANG_WARN_EMPTY_BODY = YES;
				CLANG_WARN_ENUM_CONVERSION = YES;
				CLANG_WARN_INT_CONVERSION = YES;
				CLANG_WARN_OBJC_ROOT_CLASS = YES_ERROR;
				CLANG_WARN_UNREACHABLE_CODE = YES;
				CLANG_WARN__DUPLICATE_METHOD_MATCH = YES;
				"CODE_SIGN_IDENTITY[sdk=iphoneos*]" = "iPhone Developer";
				COPY_PHASE_STRIP = YES;
				ENABLE_NS_ASSERTIONS = NO;
				ENABLE_STRICT_OBJC_MSGSEND = YES;
				GCC_C_LANGUAGE_STANDARD = gnu99;
				GCC_WARN_64_TO_32_BIT_CONVERSION = YES;
				GCC_WARN_ABOUT_RETURN_TYPE = YES_ERROR;
				GCC_WARN_UNDECLARED_SELECTOR = YES;
				GCC_WARN_UNINITIALIZED_AUTOS = YES_AGGRESSIVE;
				GCC_WARN_UNUSED_FUNCTION = YES;
				GCC_WARN_UNUSED_VARIABLE = YES;
				IPHONEOS_DEPLOYMENT_TARGET = 8.1;
				MTL_ENABLE_DEBUG_INFO = NO;
				SDKROOT = iphoneos;
				VALIDATE_PRODUCT = YES;
			};
			name = Release;
		};
		F7E5D6E61A8105C800763A0C /* Debug */ = {
			isa = XCBuildConfiguration;
			buildSettings = {
				ASSETCATALOG_COMPILER_APPICON_NAME = AppIcon;
				INFOPLIST_FILE = 20150203/Info.plist;
				LD_RUNPATH_SEARCH_PATHS = "$(inherited) @executable_path/Frameworks";
				PRODUCT_NAME = "$(TARGET_NAME)";
			};
			name = Debug;
		};
		F7E5D6E71A8105C800763A0C /* Release */ = {
			isa = XCBuildConfiguration;
			buildSettings = {
				ASSETCATALOG_COMPILER_APPICON_NAME = AppIcon;
				INFOPLIST_FILE = 20150203/Info.plist;
				LD_RUNPATH_SEARCH_PATHS = "$(inherited) @executable_path/Frameworks";
				PRODUCT_NAME = "$(TARGET_NAME)";
			};
			name = Release;
		};
		F7E5D6E91A8105C800763A0C /* Debug */ = {
			isa = XCBuildConfiguration;
			buildSettings = {
				BUNDLE_LOADER = "$(TEST_HOST)";
				FRAMEWORK_SEARCH_PATHS = (
					"$(SDKROOT)/Developer/Library/Frameworks",
					"$(inherited)",
				);
				GCC_PREPROCESSOR_DEFINITIONS = (
					"DEBUG=1",
					"$(inherited)",
				);
				INFOPLIST_FILE = 20150203Tests/Info.plist;
				LD_RUNPATH_SEARCH_PATHS = "$(inherited) @executable_path/Frameworks @loader_path/Frameworks";
				PRODUCT_NAME = "$(TARGET_NAME)";
				TEST_HOST = "$(BUILT_PRODUCTS_DIR)/20150203.app/20150203";
			};
			name = Debug;
		};
		F7E5D6EA1A8105C800763A0C /* Release */ = {
			isa = XCBuildConfiguration;
			buildSettings = {
				BUNDLE_LOADER = "$(TEST_HOST)";
				FRAMEWORK_SEARCH_PATHS = (
					"$(SDKROOT)/Developer/Library/Frameworks",
					"$(inherited)",
				);
				INFOPLIST_FILE = 20150203Tests/Info.plist;
				LD_RUNPATH_SEARCH_PATHS = "$(inherited) @executable_path/Frameworks @loader_path/Frameworks";
				PRODUCT_NAME = "$(TARGET_NAME)";
				TEST_HOST = "$(BUILT_PRODUCTS_DIR)/20150203.app/20150203";
			};
			name = Release;
		};
/* End XCBuildConfiguration section */

/* Begin XCConfigurationList section */
		F7E5D6B81A8105C800763A0C /* Build configuration list for PBXProject "20150203" */ = {
			isa = XCConfigurationList;
			buildConfigurations = (
				F7E5D6E31A8105C800763A0C /* Debug */,
				F7E5D6E41A8105C800763A0C /* Release */,
			);
			defaultConfigurationIsVisible = 0;
			defaultConfigurationName = Release;
		};
		F7E5D6E51A8105C800763A0C /* Build configuration list for PBXNativeTarget "20150203" */ = {
			isa = XCConfigurationList;
			buildConfigurations = (
				F7E5D6E61A8105C800763A0C /* Debug */,
				F7E5D6E71A8105C800763A0C /* Release */,
			);
			defaultConfigurationIsVisible = 0;
		};
		F7E5D6E81A8105C800763A0C /* Build configuration list for PBXNativeTarget "20150203Tests" */ = {
			isa = XCConfigurationList;
			buildConfigurations = (
				F7E5D6E91A8105C800763A0C /* Debug */,
				F7E5D6EA1A8105C800763A0C /* Release */,
			);
			defaultConfigurationIsVisible = 0;
		};
/* End XCConfigurationList section */
	};
	rootObject = F7E5D6B51A8105C800763A0C /* Project object */;
}
